// !$*UTF8*$!
{
	archiveVersion = 1;
	classes = {
	};
	objectVersion = 46;
	objects = {

/* Begin PBXBuildFile section */
		7E49AA901CC3FF23008AA9D7 /* AppDelegate.swift in Sources */ = {isa = PBXBuildFile; fileRef = 7E49AA8F1CC3FF23008AA9D7 /* AppDelegate.swift */; };
		7E49AA921CC3FF23008AA9D7 /* ViewController.swift in Sources */ = {isa = PBXBuildFile; fileRef = 7E49AA911CC3FF23008AA9D7 /* ViewController.swift */; };
		7E49AA951CC3FF23008AA9D7 /* Main.storyboard in Resources */ = {isa = PBXBuildFile; fileRef = 7E49AA931CC3FF23008AA9D7 /* Main.storyboard */; };
		7E49AA971CC3FF23008AA9D7 /* Assets.xcassets in Resources */ = {isa = PBXBuildFile; fileRef = 7E49AA961CC3FF23008AA9D7 /* Assets.xcassets */; };
		7E49AA9A1CC3FF23008AA9D7 /* LaunchScreen.storyboard in Resources */ = {isa = PBXBuildFile; fileRef = 7E49AA981CC3FF23008AA9D7 /* LaunchScreen.storyboard */; };
/* End PBXBuildFile section */

/* Begin PBXFileReference section */
		7E49AA8C1CC3FF23008AA9D7 /* GitXcode.app */ = {isa = PBXFileReference; explicitFileType = wrapper.application; includeInIndex = 0; path = GitXcode.app; sourceTree = BUILT_PRODUCTS_DIR; };
		7E49AA8F1CC3FF23008AA9D7 /* AppDelegate.swift */ = {isa = PBXFileReference; lastKnownFileType = sourcecode.swift; path = AppDelegate.swift; sourceTree = "<group>"; };
		7E49AA911CC3FF23008AA9D7 /* ViewController.swift */ = {isa = PBXFileReference; lastKnownFileType = sourcecode.swift; path = ViewController.swift; sourceTree = "<group>"; };
		7E49AA941CC3FF23008AA9D7 /* Base */ = {isa = PBXFileReference; lastKnownFileType = file.storyboard; name = Base; path = Base.lproj/Main.storyboard; sourceTree = "<group>"; };
		7E49AA961CC3FF23008AA9D7 /* Assets.xcassets */ = {isa = PBXFileReference; lastKnownFileType = folder.assetcatalog; path = Assets.xcassets; sourceTree = "<group>"; };
		7E49AA991CC3FF23008AA9D7 /* Base */ = {isa = PBXFileReference; lastKnownFileType = file.storyboard; name = Base; path = Base.lproj/LaunchScreen.storyboard; sourceTree = "<group>"; };
		7E49AA9B1CC3FF23008AA9D7 /* Info.plist */ = {isa = PBXFileReference; lastKnownFileType = text.plist.xml; path = Info.plist; sourceTree = "<group>"; };
/* End PBXFileReference section */

/* Begin PBXFrameworksBuildPhase section */
		7E49AA891CC3FF23008AA9D7 /* Frameworks */ = {
			isa = PBXFrameworksBuildPhase;
			buildActionMask = 2147483647;
			files = (
			);
			runOnlyForDeploymentPostprocessing = 0;
		};
/* End PBXFrameworksBuildPhase section */

/* Begin PBXGroup section */
		7E49AA831CC3FF23008AA9D7 = {
			isa = PBXGroup;
			children = (
				7E49AA8E1CC3FF23008AA9D7 /* GitXcode */,
				7E49AA8D1CC3FF23008AA9D7 /* Products */,
			);
			sourceTree = "<group>";
		};
		7E49AA8D1CC3FF23008AA9D7 /* Products */ = {
			isa = PBXGroup;
			children = (
				7E49AA8C1CC3FF23008AA9D7 /* GitXcode.app */,
			);
			name = Products;
			sourceTree = "<group>";
		};
		7E49AA8E1CC3FF23008AA9D7 /* GitXcode */ = {
			isa = PBXGroup;
			children = (
				7E49AA8F1CC3FF23008AA9D7 /* AppDelegate.swift */,
				7E49AA911CC3FF23008AA9D7 /* ViewController.swift */,
				7E49AA931CC3FF23008AA9D7 /* Main.storyboard */,
				7E49AA961CC3FF23008AA9D7 /* Assets.xcassets */,
				7E49AA981CC3FF23008AA9D7 /* LaunchScreen.storyboard */,
				7E49AA9B1CC3FF23008AA9D7 /* Info.plist */,
			);
			path = GitXcode;
			sourceTree = "<group>";
		};
/* End PBXGroup section */

/* Begin PBXNativeTarget section */
		7E49AA8B1CC3FF23008AA9D7 /* GitXcode */ = {
			isa = PBXNativeTarget;
			buildConfigurationList = 7E49AA9E1CC3FF23008AA9D7 /* Build configuration list for PBXNativeTarget "GitXcode" */;
			buildPhases = (
				7E49AA881CC3FF23008AA9D7 /* Sources */,
				7E49AA891CC3FF23008AA9D7 /* Frameworks */,
				7E49AA8A1CC3FF23008AA9D7 /* Resources */,
			);
			buildRules = (
			);
			dependencies = (
			);
			name = GitXcode;
			productName = GitXcode;
			productReference = 7E49AA8C1CC3FF23008AA9D7 /* GitXcode.app */;
			productType = "com.apple.product-type.application";
		};
/* End PBXNativeTarget section */

/* Begin PBXProject section */
		7E49AA841CC3FF23008AA9D7 /* Project object */ = {
			isa = PBXProject;
			attributes = {
				LastSwiftUpdateCheck = 0730;
				LastUpgradeCheck = 0730;
				ORGANIZATIONNAME = "Romain Rabouan";
				TargetAttributes = {
					7E49AA8B1CC3FF23008AA9D7 = {
						CreatedOnToolsVersion = 7.3;
						DevelopmentTeam = 2NB7KR2A8L;
					};
				};
			};
			buildConfigurationList = 7E49AA871CC3FF23008AA9D7 /* Build configuration list for PBXProject "GitXcode" */;
			compatibilityVersion = "Xcode 3.2";
			developmentRegion = English;
			hasScannedForEncodings = 0;
			knownRegions = (
				en,
				Base,
			);
			mainGroup = 7E49AA831CC3FF23008AA9D7;
			productRefGroup = 7E49AA8D1CC3FF23008AA9D7 /* Products */;
			projectDirPath = "";
			projectRoot = "";
			targets = (
				7E49AA8B1CC3FF23008AA9D7 /* GitXcode */,
			);
		};
/* End PBXProject section */

/* Begin PBXResourcesBuildPhase section */
		7E49AA8A1CC3FF23008AA9D7 /* Resources */ = {
			isa = PBXResourcesBuildPhase;
			buildActionMask = 2147483647;
			files = (
				7E49AA9A1CC3FF23008AA9D7 /* LaunchScreen.storyboard in Resources */,
				7E49AA971CC3FF23008AA9D7 /* Assets.xcassets in Resources */,
				7E49AA951CC3FF23008AA9D7 /* Main.storyboard in Resources */,
			);
			runOnlyForDeploymentPostprocessing = 0;
		};
/* End PBXResourcesBuildPhase section */

/* Begin PBXSourcesBuildPhase section */
		7E49AA881CC3FF23008AA9D7 /* Sources */ = {
			isa = PBXSourcesBuildPhase;
			buildActionMask = 2147483647;
			files = (
				7E49AA921CC3FF23008AA9D7 /* ViewController.swift in Sources */,
				7E49AA901CC3FF23008AA9D7 /* AppDelegate.swift in Sources */,
			);
			runOnlyForDeploymentPostprocessing = 0;
		};
/* End PBXSourcesBuildPhase section */

/* Begin PBXVariantGroup section */
		7E49AA931CC3FF23008AA9D7 /* Main.storyboard */ = {
			isa = PBXVariantGroup;
			children = (
				7E49AA941CC3FF23008AA9D7 /* Base */,
			);
			name = Main.storyboard;
			sourceTree = "<group>";
		};
		7E49AA981CC3FF23008AA9D7 /* LaunchScreen.storyboard */ = {
			isa = PBXVariantGroup;
			children = (
				7E49AA991CC3FF23008AA9D7 /* Base */,
			);
			name = LaunchScreen.storyboard;
			sourceTree = "<group>";
		};
/* End PBXVariantGroup section */

/* Begin XCBuildConfiguration section */
		7E49AA9C1CC3FF23008AA9D7 /* Debug */ = {
			isa = XCBuildConfiguration;
			buildSettings = {
				ALWAYS_SEARCH_USER_PATHS = NO;
				CLANG_ANALYZER_NONNULL = YES;
				CLANG_CXX_LANGUAGE_STANDARD = "gnu++0x";
				CLANG_CXX_LIBRARY = "libc++";
				CLANG_ENABLE_MODULES = YES;
				CLANG_ENABLE_OBJC_ARC = YES;
				CLANG_WARN_BOOL_CONVERSION = YES;
				CLANG_WARN_CONSTANT_CONVERSION = YES;
				CLANG_WARN_DIRECT_OBJC_ISA_USAGE = YES_ERROR;
				CLANG_WARN_EMPTY_BODY = YES;
				CLANG_WARN_ENUM_CONVERSION = YES;
				CLANG_WARN_INT_CONVERSION = YES;
				CLANG_WARN_OBJC_ROOT_CLASS = YES_ERROR;
				CLANG_WARN_UNREACHABLE_CODE = YES;
				CLANG_WARN__DUPLICATE_METHOD_MATCH = YES;
				"CODE_SIGN_IDENTITY[sdk=iphoneos*]" = "iPhone Developer";
				COPY_PHASE_STRIP = NO;
				DEBUG_INFORMATION_FORMAT = dwarf;
				ENABLE_STRICT_OBJC_MSGSEND = YES;
				ENABLE_TESTABILITY = YES;
				GCC_C_LANGUAGE_STANDARD = gnu99;
				GCC_DYNAMIC_NO_PIC = NO;
				GCC_NO_COMMON_BLOCKS = YES;
				GCC_OPTIMIZATION_LEVEL = 0;
				GCC_PREPROCESSOR_DEFINITIONS = (
					"DEBUG=1",
					"$(inherited)",
				);
				GCC_WARN_64_TO_32_BIT_CONVERSION = YES;
				GCC_WARN_ABOUT_RETURN_TYPE = YES_ERROR;
				GCC_WARN_UNDECLARED_SELECTOR = YES;
				GCC_WARN_UNINITIALIZED_AUTOS = YES_AGGRESSIVE;
				GCC_WARN_UNUSED_FUNCTION = YES;
				GCC_WARN_UNUSED_VARIABLE = YES;
				IPHONEOS_DEPLOYMENT_TARGET = 9.3;
				MTL_ENABLE_DEBUG_INFO = YES;
				ONLY_ACTIVE_ARCH = YES;
				SDKROOT = iphoneos;
				SWIFT_OPTIMIZATION_LEVEL = "-Onone";
			};
			name = Debug;
		};
		7E49AA9D1CC3FF23008AA9D7 /* Release */ = {
			isa = XCBuildConfiguration;
			buildSettings = {
				ALWAYS_SEARCH_USER_PATHS = NO;
				CLANG_ANALYZER_NONNULL = YES;
				CLANG_CXX_LANGUAGE_STANDARD = "gnu++0x";
				CLANG_CXX_LIBRARY = "libc++";
				CLANG_ENABLE_MODULES = YES;
				CLANG_ENABLE_OBJC_ARC = YES;
				CLANG_WARN_BOOL_CONVERSION = YES;
				CLANG_WARN_CONSTANT_CONVERSION = YES;
				CLANG_WARN_DIRECT_OBJC_ISA_USAGE = YES_ERROR;
				CLANG_WARN_EMPTY_BODY = YES;
				CLANG_WARN_ENUM_CONVERSION = YES;
				CLANG_WARN_INT_CONVERSION = YES;
				CLANG_WARN_OBJC_ROOT_CLASS = YES_ERROR;
				CLANG_WARN_UNREACHABLE_CODE = YES;
				CLANG_WARN__DUPLICATE_METHOD_MATCH = YES;
				"CODE_SIGN_IDENTITY[sdk=iphoneos*]" = "iPhone Developer";
				COPY_PHASE_STRIP = NO;
				DEBUG_INFORMATION_FORMAT = "dwarf-with-dsym";
				ENABLE_NS_ASSERTIONS = NO;
				ENABLE_STRICT_OBJC_MSGSEND = YES;
				GCC_C_LANGUAGE_STANDARD = gnu99;
				GCC_NO_COMMON_BLOCKS = YES;
				GCC_WARN_64_TO_32_BIT_CONVERSION = YES;
				GCC_WARN_ABOUT_RETURN_TYPE = YES_ERROR;
				GCC_WARN_UNDECLARED_SELECTOR = YES;
				GCC_WARN_UNINITIALIZED_AUTOS = YES_AGGRESSIVE;
				GCC_WARN_UNUSED_FUNCTION = YES;
				GCC_WARN_UNUSED_VARIABLE = YES;
				IPHONEOS_DEPLOYMENT_TARGET = 9.3;
				MTL_ENABLE_DEBUG_INFO = NO;
				SDKROOT = iphoneos;
				VALIDATE_PRODUCT = YES;
			};
			name = Release;
		};
		7E49AA9F1CC3FF23008AA9D7 /* Debug */ = {
			isa = XCBuildConfiguration;
			buildSettings = {
				ASSETCATALOG_COMPILER_APPICON_NAME = AppIcon;
				INFOPLIST_FILE = GitXcode/Info.plist;
				LD_RUNPATH_SEARCH_PATHS = "$(inherited) @executable_path/Frameworks";
				PRODUCT_BUNDLE_IDENTIFIER = com.TheAppCoder.GitXcode;
				PRODUCT_NAME = "$(TARGET_NAME)";
			};
			name = Debug;
		};
		7E49AAA01CC3FF23008AA9D7 /* Release */ = {
			isa = XCBuildConfiguration;
			buildSettings = {
				ASSETCATALOG_COMPILER_APPICON_NAME = AppIcon;
				INFOPLIST_FILE = GitXcode/Info.plist;
				LD_RUNPATH_SEARCH_PATHS = "$(inherited) @executable_path/Frameworks";
				PRODUCT_BUNDLE_IDENTIFIER = com.TheAppCoder.GitXcode;
				PRODUCT_NAME = "$(TARGET_NAME)";
			};
			name = Release;
		};
/* End XCBuildConfiguration section */

/* Begin XCConfigurationList section */
		7E49AA871CC3FF23008AA9D7 /* Build configuration list for PBXProject "GitXcode" */ = {
			isa = XCConfigurationList;
			buildConfigurations = (
				7E49AA9C1CC3FF23008AA9D7 /* Debug */,
				7E49AA9D1CC3FF23008AA9D7 /* Release */,
			);
			defaultConfigurationIsVisible = 0;
			defaultConfigurationName = Release;
		};
		7E49AA9E1CC3FF23008AA9D7 /* Build configuration list for PBXNativeTarget "GitXcode" */ = {
			isa = XCConfigurationList;
			buildConfigurations = (
				7E49AA9F1CC3FF23008AA9D7 /* Debug */,
				7E49AAA01CC3FF23008AA9D7 /* Release */,
			);
			defaultConfigurationIsVisible = 0;
		};
/* End XCConfigurationList section */
	};
	rootObject = 7E49AA841CC3FF23008AA9D7 /* Project object */;
}
